
Microsoft Visual Studio Solution File, Format Version 12.00
# Visual Studio Version 17
VisualStudioVersion = 17.14.36310.24
MinimumVisualStudioVersion = 10.0.40219.1
Project("{FAE04EC0-301F-11D3-BF4B-00C04F79EFBC}") = "OnlineSupermarket", "OnlineSupermarket\OnlineSupermarket.csproj", "{CA5F5E1B-BCE3-4BCE-BE42-EA06AE5451FB}"
EndProject
Global
	GlobalSection(SolutionConfigurationPlatforms) = preSolution
		Debug|Any CPU = Debug|Any CPU
		Release|Any CPU = Release|Any CPU
	EndGlobalSection
	GlobalSection(ProjectConfigurationPlatforms) = postSolution
		{CA5F5E1B-BCE3-4BCE-BE42-EA06AE5451FB}.Debug|Any CPU.ActiveCfg = Debug|Any CPU
		{CA5F5E1B-BCE3-4BCE-BE42-EA06AE5451FB}.Debug|Any CPU.Build.0 = Debug|Any CPU
		{CA5F5E1B-BCE3-4BCE-BE42-EA06AE5451FB}.Release|Any CPU.ActiveCfg = Release|Any CPU
		{CA5F5E1B-BCE3-4BCE-BE42-EA06AE5451FB}.Release|Any CPU.Build.0 = Release|Any CPU
	EndGlobalSection
	GlobalSection(SolutionProperties) = preSolution
		HideSolutionNode = FALSE
	EndGlobalSection
	GlobalSection(ExtensibilityGlobals) = postSolution
		SolutionGuid = {74AEA633-6E79-4DC5-BC2D-8772D648CDF1}
	EndGlobalSection
EndGlobal
